
Microsoft Visual Studio Solution File, Format Version 12.00
# Visual Studio 15
VisualStudioVersion = 15.0.28307.271
MinimumVisualStudioVersion = 10.0.40219.1
Project("{8BC9CEB8-8B4A-11D0-8D11-00A0C91BC942}") = "Project6", "Project6\Project6.vcxproj", "{037DED78-3309-4775-B5C3-A5A9B77A1ED0}"
EndProject
Global
	GlobalSection(SolutionConfigurationPlatforms) = preSolution
		Debug|x64 = Debug|x64
		Debug|x86 = Debug|x86
		Release|x64 = Release|x64
		Release|x86 = Release|x86
	EndGlobalSection
	GlobalSection(ProjectConfigurationPlatforms) = postSolution
		{037DED78-3309-4775-B5C3-A5A9B77A1ED0}.Debug|x64.ActiveCfg = Debug|x64
		{037DED78-3309-4775-B5C3-A5A9B77A1ED0}.Debug|x64.Build.0 = Debug|x64
		{037DED78-3309-4775-B5C3-A5A9B77A1ED0}.Debug|x86.ActiveCfg = Debug|Win32
		{037DED78-3309-4775-B5C3-A5A9B77A1ED0}.Debug|x86.Build.0 = Debug|Win32
		{037DED78-3309-4775-B5C3-A5A9B77A1ED0}.Release|x64.ActiveCfg = Release|x64
		{037DED78-3309-4775-B5C3-A5A9B77A1ED0}.Release|x64.Build.0 = Release|x64
		{037DED78-3309-4775-B5C3-A5A9B77A1ED0}.Release|x86.ActiveCfg = Release|Win32
		{037DED78-3309-4775-B5C3-A5A9B77A1ED0}.Release|x86.Build.0 = Release|Win32
	EndGlobalSection
	GlobalSection(SolutionProperties) = preSolution
		HideSolutionNode = FALSE
	EndGlobalSection
	GlobalSection(ExtensibilityGlobals) = postSolution
		SolutionGuid = {BE6ADD06-0046-4EBA-918D-92C9B22FD78C}
	EndGlobalSection
EndGlobal
